PODS:
  - Fuzi (3.1.2)
  - Minizip (1.0.0)

DEPENDENCIES:
  - Fuzi (= 3.1.2)
  - Minizip (= 1.0.0)

SPEC REPOS:
  trunk:
    - Fuzi
    - Minizip

SPEC CHECKSUMS:
  Fuzi: dba7215e52fb39dd7b1a62f69ede1e30edff0ae1
  Minizip: 188cb3e39a1195c283ae03bf673d182596fefd0b

PODFILE CHECKSUM: dc990df4541c6c3ca38cf235f318971f3f341663

COCOAPODS: 1.9.1
